// !$*UTF8*$!
{
	archiveVersion = 1;
	classes = {
	};
	objectVersion = 51;
	objects = {

/* Begin PBXBuildFile section */
		1EFE703BFF72BB413E300726 /* Pods_Parstagram.framework in Frameworks */ = {isa = PBXBuildFile; fileRef = 566DE51DB0FB22FE9F94D25E /* Pods_Parstagram.framework */; };
		44303B59260FAC9900207234 /* CommentCell.swift in Sources */ = {isa = PBXBuildFile; fileRef = 44303B58260FAC9900207234 /* CommentCell.swift */; };
		447ADE862606787700BB0C08 /* LoginViewController.swift in Sources */ = {isa = PBXBuildFile; fileRef = 447ADE852606787700BB0C08 /* LoginViewController.swift */; };
		447ADE8E2606788B00BB0C08 /* FeedViewController.swift in Sources */ = {isa = PBXBuildFile; fileRef = 447ADE8D2606788B00BB0C08 /* FeedViewController.swift */; };
		447ADE9326068A5100BB0C08 /* CameraViewController.swift in Sources */ = {isa = PBXBuildFile; fileRef = 447ADE9226068A5100BB0C08 /* CameraViewController.swift */; };
		44965CC2260675EC00141969 /* AppDelegate.swift in Sources */ = {isa = PBXBuildFile; fileRef = 44965CC1260675EC00141969 /* AppDelegate.swift */; };
		44965CC4260675EC00141969 /* SceneDelegate.swift in Sources */ = {isa = PBXBuildFile; fileRef = 44965CC3260675EC00141969 /* SceneDelegate.swift */; };
		44965CC9260675EC00141969 /* Main.storyboard in Resources */ = {isa = PBXBuildFile; fileRef = 44965CC7260675EC00141969 /* Main.storyboard */; };
		44965CCB260675EF00141969 /* Assets.xcassets in Resources */ = {isa = PBXBuildFile; fileRef = 44965CCA260675EF00141969 /* Assets.xcassets */; };
		44965CCE260675EF00141969 /* LaunchScreen.storyboard in Resources */ = {isa = PBXBuildFile; fileRef = 44965CCC260675EF00141969 /* LaunchScreen.storyboard */; };
		44965CD9260675EF00141969 /* ParstagramTests.swift in Sources */ = {isa = PBXBuildFile; fileRef = 44965CD8260675EF00141969 /* ParstagramTests.swift */; };
		44965CE4260675EF00141969 /* ParstagramUITests.swift in Sources */ = {isa = PBXBuildFile; fileRef = 44965CE3260675EF00141969 /* ParstagramUITests.swift */; };
		44D48FEE2606A6070041BEE0 /* PostCell.swift in Sources */ = {isa = PBXBuildFile; fileRef = 44D48FED2606A6070041BEE0 /* PostCell.swift */; };
		88D5B68B16327A2E74985703 /* Pods_Parstagram_ParstagramUITests.framework in Frameworks */ = {isa = PBXBuildFile; fileRef = 949D8FE26A3572E0B22C3016 /* Pods_Parstagram_ParstagramUITests.framework */; };
		BD7D6BBE28EFC6A075888395 /* Pods_ParstagramTests.framework in Frameworks */ = {isa = PBXBuildFile; fileRef = D717170266FFA3B5EE6A2FFC /* Pods_ParstagramTests.framework */; };
/* End PBXBuildFile section */

/* Begin PBXContainerItemProxy section */
		44965CD5260675EF00141969 /* PBXContainerItemProxy */ = {
			isa = PBXContainerItemProxy;
			containerPortal = 44965CB6260675EC00141969 /* Project object */;
			proxyType = 1;
			remoteGlobalIDString = 44965CBD260675EC00141969;
			remoteInfo = Parstagram;
		};
		44965CE0260675EF00141969 /* PBXContainerItemProxy */ = {
			isa = PBXContainerItemProxy;
			containerPortal = 44965CB6260675EC00141969 /* Project object */;
			proxyType = 1;
			remoteGlobalIDString = 44965CBD260675EC00141969;
			remoteInfo = Parstagram;
		};
/* End PBXContainerItemProxy section */

/* Begin PBXFileReference section */
		44303B58260FAC9900207234 /* CommentCell.swift */ = {isa = PBXFileReference; lastKnownFileType = sourcecode.swift; path = CommentCell.swift; sourceTree = "<group>"; };
		447ADE852606787700BB0C08 /* LoginViewController.swift */ = {isa = PBXFileReference; lastKnownFileType = sourcecode.swift; path = LoginViewController.swift; sourceTree = "<group>"; };
		447ADE8D2606788B00BB0C08 /* FeedViewController.swift */ = {isa = PBXFileReference; lastKnownFileType = sourcecode.swift; path = FeedViewController.swift; sourceTree = "<group>"; };
		447ADE9226068A5100BB0C08 /* CameraViewController.swift */ = {isa = PBXFileReference; lastKnownFileType = sourcecode.swift; path = CameraViewController.swift; sourceTree = "<group>"; };
		44965CBE260675EC00141969 /* Parstagram.app */ = {isa = PBXFileReference; explicitFileType = wrapper.application; includeInIndex = 0; path = Parstagram.app; sourceTree = BUILT_PRODUCTS_DIR; };
		44965CC1260675EC00141969 /* AppDelegate.swift */ = {isa = PBXFileReference; lastKnownFileType = sourcecode.swift; path = AppDelegate.swift; sourceTree = "<group>"; };
		44965CC3260675EC00141969 /* SceneDelegate.swift */ = {isa = PBXFileReference; lastKnownFileType = sourcecode.swift; path = SceneDelegate.swift; sourceTree = "<group>"; };
		44965CC8260675EC00141969 /* Base */ = {isa = PBXFileReference; lastKnownFileType = file.storyboard; name = Base; path = Base.lproj/Main.storyboard; sourceTree = "<group>"; };
		44965CCA260675EF00141969 /* Assets.xcassets */ = {isa = PBXFileReference; lastKnownFileType = folder.assetcatalog; path = Assets.xcassets; sourceTree = "<group>"; };
		44965CCD260675EF00141969 /* Base */ = {isa = PBXFileReference; lastKnownFileType = file.storyboard; name = Base; path = Base.lproj/LaunchScreen.storyboard; sourceTree = "<group>"; };
		44965CCF260675EF00141969 /* Info.plist */ = {isa = PBXFileReference; lastKnownFileType = text.plist.xml; path = Info.plist; sourceTree = "<group>"; };
		44965CD4260675EF00141969 /* ParstagramTests.xctest */ = {isa = PBXFileReference; explicitFileType = wrapper.cfbundle; includeInIndex = 0; path = ParstagramTests.xctest; sourceTree = BUILT_PRODUCTS_DIR; };
		44965CD8260675EF00141969 /* ParstagramTests.swift */ = {isa = PBXFileReference; lastKnownFileType = sourcecode.swift; path = ParstagramTests.swift; sourceTree = "<group>"; };
		44965CDA260675EF00141969 /* Info.plist */ = {isa = PBXFileReference; lastKnownFileType = text.plist.xml; path = Info.plist; sourceTree = "<group>"; };
		44965CDF260675EF00141969 /* ParstagramUITests.xctest */ = {isa = PBXFileReference; explicitFileType = wrapper.cfbundle; includeInIndex = 0; path = ParstagramUITests.xctest; sourceTree = BUILT_PRODUCTS_DIR; };
		44965CE3260675EF00141969 /* ParstagramUITests.swift */ = {isa = PBXFileReference; lastKnownFileType = sourcecode.swift; path = ParstagramUITests.swift; sourceTree = "<group>"; };
		44965CE5260675EF00141969 /* Info.plist */ = {isa = PBXFileReference; lastKnownFileType = text.plist.xml; path = Info.plist; sourceTree = "<group>"; };
		44D48FED2606A6070041BEE0 /* PostCell.swift */ = {isa = PBXFileReference; lastKnownFileType = sourcecode.swift; path = PostCell.swift; sourceTree = "<group>"; };
		4FFF06A99DC471BFF0034637 /* Pods-ParstagramTests.release.xcconfig */ = {isa = PBXFileReference; includeInIndex = 1; lastKnownFileType = text.xcconfig; name = "Pods-ParstagramTests.release.xcconfig"; path = "Target Support Files/Pods-ParstagramTests/Pods-ParstagramTests.release.xcconfig"; sourceTree = "<group>"; };
		566DE51DB0FB22FE9F94D25E /* Pods_Parstagram.framework */ = {isa = PBXFileReference; explicitFileType = wrapper.framework; includeInIndex = 0; path = Pods_Parstagram.framework; sourceTree = BUILT_PRODUCTS_DIR; };
		80058937DD265C48662BC8C2 /* Pods-Parstagram-ParstagramUITests.release.xcconfig */ = {isa = PBXFileReference; includeInIndex = 1; lastKnownFileType = text.xcconfig; name = "Pods-Parstagram-ParstagramUITests.release.xcconfig"; path = "Target Support Files/Pods-Parstagram-ParstagramUITests/Pods-Parstagram-ParstagramUITests.release.xcconfig"; sourceTree = "<group>"; };
		949D8FE26A3572E0B22C3016 /* Pods_Parstagram_ParstagramUITests.framework */ = {isa = PBXFileReference; explicitFileType = wrapper.framework; includeInIndex = 0; path = Pods_Parstagram_ParstagramUITests.framework; sourceTree = BUILT_PRODUCTS_DIR; };
		9E074706075AA61CC2C4FCA8 /* Pods-ParstagramTests.debug.xcconfig */ = {isa = PBXFileReference; includeInIndex = 1; lastKnownFileType = text.xcconfig; name = "Pods-ParstagramTests.debug.xcconfig"; path = "Target Support Files/Pods-ParstagramTests/Pods-ParstagramTests.debug.xcconfig"; sourceTree = "<group>"; };
		C3860E3E1179F7E134C4B79C /* Pods-Parstagram.release.xcconfig */ = {isa = PBXFileReference; includeInIndex = 1; lastKnownFileType = text.xcconfig; name = "Pods-Parstagram.release.xcconfig"; path = "Target Support Files/Pods-Parstagram/Pods-Parstagram.release.xcconfig"; sourceTree = "<group>"; };
		C411A3E540BD030A9D0EC0B4 /* Pods-Parstagram.debug.xcconfig */ = {isa = PBXFileReference; includeInIndex = 1; lastKnownFileType = text.xcconfig; name = "Pods-Parstagram.debug.xcconfig"; path = "Target Support Files/Pods-Parstagram/Pods-Parstagram.debug.xcconfig"; sourceTree = "<group>"; };
		C69E9B06E82886EA04466D25 /* Pods-Parstagram-ParstagramUITests.debug.xcconfig */ = {isa = PBXFileReference; includeInIndex = 1; lastKnownFileType = text.xcconfig; name = "Pods-Parstagram-ParstagramUITests.debug.xcconfig"; path = "Target Support Files/Pods-Parstagram-ParstagramUITests/Pods-Parstagram-ParstagramUITests.debug.xcconfig"; sourceTree = "<group>"; };
		D717170266FFA3B5EE6A2FFC /* Pods_ParstagramTests.framework */ = {isa = PBXFileReference; explicitFileType = wrapper.framework; includeInIndex = 0; path = Pods_ParstagramTests.framework; sourceTree = BUILT_PRODUCTS_DIR; };
/* End PBXFileReference section */

/* Begin PBXFrameworksBuildPhase section */
		44965CBB260675EC00141969 /* Frameworks */ = {
			isa = PBXFrameworksBuildPhase;
			buildActionMask = 2147483647;
			files = (
				1EFE703BFF72BB413E300726 /* Pods_Parstagram.framework in Frameworks */,
			);
			runOnlyForDeploymentPostprocessing = 0;
		};
		44965CD1260675EF00141969 /* Frameworks */ = {
			isa = PBXFrameworksBuildPhase;
			buildActionMask = 2147483647;
			files = (
				BD7D6BBE28EFC6A075888395 /* Pods_ParstagramTests.framework in Frameworks */,
			);
			runOnlyForDeploymentPostprocessing = 0;
		};
		44965CDC260675EF00141969 /* Frameworks */ = {
			isa = PBXFrameworksBuildPhase;
			buildActionMask = 2147483647;
			files = (
				88D5B68B16327A2E74985703 /* Pods_Parstagram_ParstagramUITests.framework in Frameworks */,
			);
			runOnlyForDeploymentPostprocessing = 0;
		};
/* End PBXFrameworksBuildPhase section */

/* Begin PBXGroup section */
		44965CB5260675EC00141969 = {
			isa = PBXGroup;
			children = (
				44965CC0260675EC00141969 /* Parstagram */,
				44965CD7260675EF00141969 /* ParstagramTests */,
				44965CE2260675EF00141969 /* ParstagramUITests */,
				44965CBF260675EC00141969 /* Products */,
				961246D5FD39E6EC93033ACE /* Pods */,
				BBB565E0E9FC5BE8C486B8EB /* Frameworks */,
			);
			sourceTree = "<group>";
		};
		44965CBF260675EC00141969 /* Products */ = {
			isa = PBXGroup;
			children = (
				44965CBE260675EC00141969 /* Parstagram.app */,
				44965CD4260675EF00141969 /* ParstagramTests.xctest */,
				44965CDF260675EF00141969 /* ParstagramUITests.xctest */,
			);
			name = Products;
			sourceTree = "<group>";
		};
		44965CC0260675EC00141969 /* Parstagram */ = {
			isa = PBXGroup;
			children = (
				44965CC1260675EC00141969 /* AppDelegate.swift */,
				44965CC3260675EC00141969 /* SceneDelegate.swift */,
				44965CC7260675EC00141969 /* Main.storyboard */,
				44965CCA260675EF00141969 /* Assets.xcassets */,
				44965CCC260675EF00141969 /* LaunchScreen.storyboard */,
				44965CCF260675EF00141969 /* Info.plist */,
				447ADE852606787700BB0C08 /* LoginViewController.swift */,
				447ADE8D2606788B00BB0C08 /* FeedViewController.swift */,
				447ADE9226068A5100BB0C08 /* CameraViewController.swift */,
				44D48FED2606A6070041BEE0 /* PostCell.swift */,
				44303B58260FAC9900207234 /* CommentCell.swift */,
			);
			path = Parstagram;
			sourceTree = "<group>";
		};
		44965CD7260675EF00141969 /* ParstagramTests */ = {
			isa = PBXGroup;
			children = (
				44965CD8260675EF00141969 /* ParstagramTests.swift */,
				44965CDA260675EF00141969 /* Info.plist */,
			);
			path = ParstagramTests;
			sourceTree = "<group>";
		};
		44965CE2260675EF00141969 /* ParstagramUITests */ = {
			isa = PBXGroup;
			children = (
				44965CE3260675EF00141969 /* ParstagramUITests.swift */,
				44965CE5260675EF00141969 /* Info.plist */,
			);
			path = ParstagramUITests;
			sourceTree = "<group>";
		};
		961246D5FD39E6EC93033ACE /* Pods */ = {
			isa = PBXGroup;
			children = (
				C411A3E540BD030A9D0EC0B4 /* Pods-Parstagram.debug.xcconfig */,
				C3860E3E1179F7E134C4B79C /* Pods-Parstagram.release.xcconfig */,
				C69E9B06E82886EA04466D25 /* Pods-Parstagram-ParstagramUITests.debug.xcconfig */,
				80058937DD265C48662BC8C2 /* Pods-Parstagram-ParstagramUITests.release.xcconfig */,
				9E074706075AA61CC2C4FCA8 /* Pods-ParstagramTests.debug.xcconfig */,
				4FFF06A99DC471BFF0034637 /* Pods-ParstagramTests.release.xcconfig */,
			);
			path = Pods;
			sourceTree = "<group>";
		};
		BBB565E0E9FC5BE8C486B8EB /* Frameworks */ = {
			isa = PBXGroup;
			children = (
				566DE51DB0FB22FE9F94D25E /* Pods_Parstagram.framework */,
				949D8FE26A3572E0B22C3016 /* Pods_Parstagram_ParstagramUITests.framework */,
				D717170266FFA3B5EE6A2FFC /* Pods_ParstagramTests.framework */,
			);
			name = Frameworks;
			sourceTree = "<group>";
		};
/* End PBXGroup section */

/* Begin PBXNativeTarget section */
		44965CBD260675EC00141969 /* Parstagram */ = {
			isa = PBXNativeTarget;
			buildConfigurationList = 44965CE8260675EF00141969 /* Build configuration list for PBXNativeTarget "Parstagram" */;
			buildPhases = (
				CD894942A350B9BBB3582B1B /* [CP] Check Pods Manifest.lock */,
				44965CBA260675EC00141969 /* Sources */,
				44965CBB260675EC00141969 /* Frameworks */,
				44965CBC260675EC00141969 /* Resources */,
				0D6BCA4A6A758ED2B88EE458 /* [CP] Embed Pods Frameworks */,
			);
			buildRules = (
			);
			dependencies = (
			);
			name = Parstagram;
			productName = Parstagram;
			productReference = 44965CBE260675EC00141969 /* Parstagram.app */;
			productType = "com.apple.product-type.application";
		};
		44965CD3260675EF00141969 /* ParstagramTests */ = {
			isa = PBXNativeTarget;
			buildConfigurationList = 44965CEB260675EF00141969 /* Build configuration list for PBXNativeTarget "ParstagramTests" */;
			buildPhases = (
				6FD976B64DD474A0BB7E5654 /* [CP] Check Pods Manifest.lock */,
				44965CD0260675EF00141969 /* Sources */,
				44965CD1260675EF00141969 /* Frameworks */,
				44965CD2260675EF00141969 /* Resources */,
			);
			buildRules = (
			);
			dependencies = (
				44965CD6260675EF00141969 /* PBXTargetDependency */,
			);
			name = ParstagramTests;
			productName = ParstagramTests;
			productReference = 44965CD4260675EF00141969 /* ParstagramTests.xctest */;
			productType = "com.apple.product-type.bundle.unit-test";
		};
		44965CDE260675EF00141969 /* ParstagramUITests */ = {
			isa = PBXNativeTarget;
			buildConfigurationList = 44965CEE260675EF00141969 /* Build configuration list for PBXNativeTarget "ParstagramUITests" */;
			buildPhases = (
				39B89356C68FDEA19F8FC6E7 /* [CP] Check Pods Manifest.lock */,
				44965CDB260675EF00141969 /* Sources */,
				44965CDC260675EF00141969 /* Frameworks */,
				44965CDD260675EF00141969 /* Resources */,
				A220A1E709EE72C1E0081D0D /* [CP] Embed Pods Frameworks */,
			);
			buildRules = (
			);
			dependencies = (
				44965CE1260675EF00141969 /* PBXTargetDependency */,
			);
			name = ParstagramUITests;
			productName = ParstagramUITests;
			productReference = 44965CDF260675EF00141969 /* ParstagramUITests.xctest */;
			productType = "com.apple.product-type.bundle.ui-testing";
		};
/* End PBXNativeTarget section */

/* Begin PBXProject section */
		44965CB6260675EC00141969 /* Project object */ = {
			isa = PBXProject;
			attributes = {
				LastSwiftUpdateCheck = 1240;
				LastUpgradeCheck = 1240;
				TargetAttributes = {
					44965CBD260675EC00141969 = {
						CreatedOnToolsVersion = 12.4;
					};
					44965CD3260675EF00141969 = {
						CreatedOnToolsVersion = 12.4;
						TestTargetID = 44965CBD260675EC00141969;
					};
					44965CDE260675EF00141969 = {
						CreatedOnToolsVersion = 12.4;
						TestTargetID = 44965CBD260675EC00141969;
					};
				};
			};
			buildConfigurationList = 44965CB9260675EC00141969 /* Build configuration list for PBXProject "Parstagram" */;
			compatibilityVersion = "Xcode 9.3";
			developmentRegion = en;
			hasScannedForEncodings = 0;
			knownRegions = (
				en,
				Base,
			);
			mainGroup = 44965CB5260675EC00141969;
			productRefGroup = 44965CBF260675EC00141969 /* Products */;
			projectDirPath = "";
			projectRoot = "";
			targets = (
				44965CBD260675EC00141969 /* Parstagram */,
				44965CD3260675EF00141969 /* ParstagramTests */,
				44965CDE260675EF00141969 /* ParstagramUITests */,
			);
		};
/* End PBXProject section */

/* Begin PBXResourcesBuildPhase section */
		44965CBC260675EC00141969 /* Resources */ = {
			isa = PBXResourcesBuildPhase;
			buildActionMask = 2147483647;
			files = (
				44965CCE260675EF00141969 /* LaunchScreen.storyboard in Resources */,
				44965CCB260675EF00141969 /* Assets.xcassets in Resources */,
				44965CC9260675EC00141969 /* Main.storyboard in Resources */,
			);
			runOnlyForDeploymentPostprocessing = 0;
		};
		44965CD2260675EF00141969 /* Resources */ = {
			isa = PBXResourcesBuildPhase;
			buildActionMask = 2147483647;
			files = (
			);
			runOnlyForDeploymentPostprocessing = 0;
		};
		44965CDD260675EF00141969 /* Resources */ = {
			isa = PBXResourcesBuildPhase;
			buildActionMask = 2147483647;
			files = (
			);
			runOnlyForDeploymentPostprocessing = 0;
		};
/* End PBXResourcesBuildPhase section */

/* Begin PBXShellScriptBuildPhase section */
		0D6BCA4A6A758ED2B88EE458 /* [CP] Embed Pods Frameworks */ = {
			isa = PBXShellScriptBuildPhase;
			buildActionMask = 2147483647;
			files = (
			);
			inputFileListPaths = (
				"${PODS_ROOT}/Target Support Files/Pods-Parstagram/Pods-Parstagram-frameworks-${CONFIGURATION}-input-files.xcfilelist",
			);
			name = "[CP] Embed Pods Frameworks";
			outputFileListPaths = (
				"${PODS_ROOT}/Target Support Files/Pods-Parstagram/Pods-Parstagram-frameworks-${CONFIGURATION}-output-files.xcfilelist",
			);
			runOnlyForDeploymentPostprocessing = 0;
			shellPath = /bin/sh;
			shellScript = "\"${PODS_ROOT}/Target Support Files/Pods-Parstagram/Pods-Parstagram-frameworks.sh\"\n";
			showEnvVarsInLog = 0;
		};
		39B89356C68FDEA19F8FC6E7 /* [CP] Check Pods Manifest.lock */ = {
			isa = PBXShellScriptBuildPhase;
			buildActionMask = 2147483647;
			files = (
			);
			inputFileListPaths = (
			);
			inputPaths = (
				"${PODS_PODFILE_DIR_PATH}/Podfile.lock",
				"${PODS_ROOT}/Manifest.lock",
			);
			name = "[CP] Check Pods Manifest.lock";
			outputFileListPaths = (
			);
			outputPaths = (
				"$(DERIVED_FILE_DIR)/Pods-Parstagram-ParstagramUITests-checkManifestLockResult.txt",
			);
			runOnlyForDeploymentPostprocessing = 0;
			shellPath = /bin/sh;
			shellScript = "diff \"${PODS_PODFILE_DIR_PATH}/Podfile.lock\" \"${PODS_ROOT}/Manifest.lock\" > /dev/null\nif [ $? != 0 ] ; then\n    # print error to STDERR\n    echo \"error: The sandbox is not in sync with the Podfile.lock. Run 'pod install' or update your CocoaPods installation.\" >&2\n    exit 1\nfi\n# This output is used by Xcode 'outputs' to avoid re-running this script phase.\necho \"SUCCESS\" > \"${SCRIPT_OUTPUT_FILE_0}\"\n";
			showEnvVarsInLog = 0;
		};
		6FD976B64DD474A0BB7E5654 /* [CP] Check Pods Manifest.lock */ = {
			isa = PBXShellScriptBuildPhase;
			buildActionMask = 2147483647;
			files = (
			);
			inputFileListPaths = (
			);
			inputPaths = (
				"${PODS_PODFILE_DIR_PATH}/Podfile.lock",
				"${PODS_ROOT}/Manifest.lock",
			);
			name = "[CP] Check Pods Manifest.lock";
			outputFileListPaths = (
			);
			outputPaths = (
				"$(DERIVED_FILE_DIR)/Pods-ParstagramTests-checkManifestLockResult.txt",
			);
			runOnlyForDeploymentPostprocessing = 0;
			shellPath = /bin/sh;
			shellScript = "diff \"${PODS_PODFILE_DIR_PATH}/Podfile.lock\" \"${PODS_ROOT}/Manifest.lock\" > /dev/null\nif [ $? != 0 ] ; then\n    # print error to STDERR\n    echo \"error: The sandbox is not in sync with the Podfile.lock. Run 'pod install' or update your CocoaPods installation.\" >&2\n    exit 1\nfi\n# This output is used by Xcode 'outputs' to avoid re-running this script phase.\necho \"SUCCESS\" > \"${SCRIPT_OUTPUT_FILE_0}\"\n";
			showEnvVarsInLog = 0;
		};
		A220A1E709EE72C1E0081D0D /* [CP] Embed Pods Frameworks */ = {
			isa = PBXShellScriptBuildPhase;
			buildActionMask = 2147483647;
			files = (
			);
			inputFileListPaths = (
				"${PODS_ROOT}/Target Support Files/Pods-Parstagram-ParstagramUITests/Pods-Parstagram-ParstagramUITests-frameworks-${CONFIGURATION}-input-files.xcfilelist",
			);
			name = "[CP] Embed Pods Frameworks";
			outputFileListPaths = (
				"${PODS_ROOT}/Target Support Files/Pods-Parstagram-ParstagramUITests/Pods-Parstagram-ParstagramUITests-frameworks-${CONFIGURATION}-output-files.xcfilelist",
			);
			runOnlyForDeploymentPostprocessing = 0;
			shellPath = /bin/sh;
			shellScript = "\"${PODS_ROOT}/Target Support Files/Pods-Parstagram-ParstagramUITests/Pods-Parstagram-ParstagramUITests-frameworks.sh\"\n";
			showEnvVarsInLog = 0;
		};
		CD894942A350B9BBB3582B1B /* [CP] Check Pods Manifest.lock */ = {
			isa = PBXShellScriptBuildPhase;
			buildActionMask = 2147483647;
			files = (
			);
			inputFileListPaths = (
			);
			inputPaths = (
				"${PODS_PODFILE_DIR_PATH}/Podfile.lock",
				"${PODS_ROOT}/Manifest.lock",
			);
			name = "[CP] Check Pods Manifest.lock";
			outputFileListPaths = (
			);
			outputPaths = (
				"$(DERIVED_FILE_DIR)/Pods-Parstagram-checkManifestLockResult.txt",
			);
			runOnlyForDeploymentPostprocessing = 0;
			shellPath = /bin/sh;
			shellScript = "diff \"${PODS_PODFILE_DIR_PATH}/Podfile.lock\" \"${PODS_ROOT}/Manifest.lock\" > /dev/null\nif [ $? != 0 ] ; then\n    # print error to STDERR\n    echo \"error: The sandbox is not in sync with the Podfile.lock. Run 'pod install' or update your CocoaPods installation.\" >&2\n    exit 1\nfi\n# This output is used by Xcode 'outputs' to avoid re-running this script phase.\necho \"SUCCESS\" > \"${SCRIPT_OUTPUT_FILE_0}\"\n";
			showEnvVarsInLog = 0;
		};
/* End PBXShellScriptBuildPhase section */

/* Begin PBXSourcesBuildPhase section */
		44965CBA260675EC00141969 /* Sources */ = {
			isa = PBXSourcesBuildPhase;
			buildActionMask = 2147483647;
			files = (
				447ADE862606787700BB0C08 /* LoginViewController.swift in Sources */,
				447ADE9326068A5100BB0C08 /* CameraViewController.swift in Sources */,
				44965CC2260675EC00141969 /* AppDelegate.swift in Sources */,
				447ADE8E2606788B00BB0C08 /* FeedViewController.swift in Sources */,
				44965CC4260675EC00141969 /* SceneDelegate.swift in Sources */,
				44D48FEE2606A6070041BEE0 /* PostCell.swift in Sources */,
				44303B59260FAC9900207234 /* CommentCell.swift in Sources */,
			);
			runOnlyForDeploymentPostprocessing = 0;
		};
		44965CD0260675EF00141969 /* Sources */ = {
			isa = PBXSourcesBuildPhase;
			buildActionMask = 2147483647;
			files = (
				44965CD9260675EF00141969 /* ParstagramTests.swift in Sources */,
			);
			runOnlyForDeploymentPostprocessing = 0;
		};
		44965CDB260675EF00141969 /* Sources */ = {
			isa = PBXSourcesBuildPhase;
			buildActionMask = 2147483647;
			files = (
				44965CE4260675EF00141969 /* ParstagramUITests.swift in Sources */,
			);
			runOnlyForDeploymentPostprocessing = 0;
		};
/* End PBXSourcesBuildPhase section */

/* Begin PBXTargetDependency section */
		44965CD6260675EF00141969 /* PBXTargetDependency */ = {
			isa = PBXTargetDependency;
			target = 44965CBD260675EC00141969 /* Parstagram */;
			targetProxy = 44965CD5260675EF00141969 /* PBXContainerItemProxy */;
		};
		44965CE1260675EF00141969 /* PBXTargetDependency */ = {
			isa = PBXTargetDependency;
			target = 44965CBD260675EC00141969 /* Parstagram */;
			targetProxy = 44965CE0260675EF00141969 /* PBXContainerItemProxy */;
		};
/* End PBXTargetDependency section */

/* Begin PBXVariantGroup section */
		44965CC7260675EC00141969 /* Main.storyboard */ = {
			isa = PBXVariantGroup;
			children = (
				44965CC8260675EC00141969 /* Base */,
			);
			name = Main.storyboard;
			sourceTree = "<group>";
		};
		44965CCC260675EF00141969 /* LaunchScreen.storyboard */ = {
			isa = PBXVariantGroup;
			children = (
				44965CCD260675EF00141969 /* Base */,
			);
			name = LaunchScreen.storyboard;
			sourceTree = "<group>";
		};
/* End PBXVariantGroup section */

/* Begin XCBuildConfiguration section */
		44965CE6260675EF00141969 /* Debug */ = {
			isa = XCBuildConfiguration;
			buildSettings = {
				ALWAYS_SEARCH_USER_PATHS = NO;
				CLANG_ANALYZER_NONNULL = YES;
				CLANG_ANALYZER_NUMBER_OBJECT_CONVERSION = YES_AGGRESSIVE;
				CLANG_CXX_LANGUAGE_STANDARD = "gnu++14";
				CLANG_CXX_LIBRARY = "libc++";
				CLANG_ENABLE_MODULES = YES;
				CLANG_ENABLE_OBJC_ARC = YES;
				CLANG_ENABLE_OBJC_WEAK = YES;
				CLANG_WARN_BLOCK_CAPTURE_AUTORELEASING = YES;
				CLANG_WARN_BOOL_CONVERSION = YES;
				CLANG_WARN_COMMA = YES;
				CLANG_WARN_CONSTANT_CONVERSION = YES;
				CLANG_WARN_DEPRECATED_OBJC_IMPLEMENTATIONS = YES;
				CLANG_WARN_DIRECT_OBJC_ISA_USAGE = YES_ERROR;
				CLANG_WARN_DOCUMENTATION_COMMENTS = YES;
				CLANG_WARN_EMPTY_BODY = YES;
				CLANG_WARN_ENUM_CONVERSION = YES;
				CLANG_WARN_INFINITE_RECURSION = YES;
				CLANG_WARN_INT_CONVERSION = YES;
				CLANG_WARN_NON_LITERAL_NULL_CONVERSION = YES;
				CLANG_WARN_OBJC_IMPLICIT_RETAIN_SELF = YES;
				CLANG_WARN_OBJC_LITERAL_CONVERSION = YES;
				CLANG_WARN_OBJC_ROOT_CLASS = YES_ERROR;
				CLANG_WARN_QUOTED_INCLUDE_IN_FRAMEWORK_HEADER = YES;
				CLANG_WARN_RANGE_LOOP_ANALYSIS = YES;
				CLANG_WARN_STRICT_PROTOTYPES = YES;
				CLANG_WARN_SUSPICIOUS_MOVE = YES;
				CLANG_WARN_UNGUARDED_AVAILABILITY = YES_AGGRESSIVE;
				CLANG_WARN_UNREACHABLE_CODE = YES;
				CLANG_WARN__DUPLICATE_METHOD_MATCH = YES;
				COPY_PHASE_STRIP = NO;
				DEBUG_INFORMATION_FORMAT = dwarf;
				ENABLE_STRICT_OBJC_MSGSEND = YES;
				ENABLE_TESTABILITY = YES;
				GCC_C_LANGUAGE_STANDARD = gnu11;
				GCC_DYNAMIC_NO_PIC = NO;
				GCC_NO_COMMON_BLOCKS = YES;
				GCC_OPTIMIZATION_LEVEL = 0;
				GCC_PREPROCESSOR_DEFINITIONS = (
					"DEBUG=1",
					"$(inherited)",
				);
				GCC_WARN_64_TO_32_BIT_CONVERSION = YES;
				GCC_WARN_ABOUT_RETURN_TYPE = YES_ERROR;
				GCC_WARN_UNDECLARED_SELECTOR = YES;
				GCC_WARN_UNINITIALIZED_AUTOS = YES_AGGRESSIVE;
				GCC_WARN_UNUSED_FUNCTION = YES;
				GCC_WARN_UNUSED_VARIABLE = YES;
				IPHONEOS_DEPLOYMENT_TARGET = 14.4;
				MTL_ENABLE_DEBUG_INFO = INCLUDE_SOURCE;
				MTL_FAST_MATH = YES;
				ONLY_ACTIVE_ARCH = YES;
				SDKROOT = iphoneos;
				SWIFT_ACTIVE_COMPILATION_CONDITIONS = DEBUG;
				SWIFT_OPTIMIZATION_LEVEL = "-Onone";
			};
			name = Debug;
		};
		44965CE7260675EF00141969 /* Release */ = {
			isa = XCBuildConfiguration;
			buildSettings = {
				ALWAYS_SEARCH_USER_PATHS = NO;
				CLANG_ANALYZER_NONNULL = YES;
				CLANG_ANALYZER_NUMBER_OBJECT_CONVERSION = YES_AGGRESSIVE;
				CLANG_CXX_LANGUAGE_STANDARD = "gnu++14";
				CLANG_CXX_LIBRARY = "libc++";
				CLANG_ENABLE_MODULES = YES;
				CLANG_ENABLE_OBJC_ARC = YES;
				CLANG_ENABLE_OBJC_WEAK = YES;
				CLANG_WARN_BLOCK_CAPTURE_AUTORELEASING = YES;
				CLANG_WARN_BOOL_CONVERSION = YES;
				CLANG_WARN_COMMA = YES;
				CLANG_WARN_CONSTANT_CONVERSION = YES;
				CLANG_WARN_DEPRECATED_OBJC_IMPLEMENTATIONS = YES;
				CLANG_WARN_DIRECT_OBJC_ISA_USAGE = YES_ERROR;
				CLANG_WARN_DOCUMENTATION_COMMENTS = YES;
				CLANG_WARN_EMPTY_BODY = YES;
				CLANG_WARN_ENUM_CONVERSION = YES;
				CLANG_WARN_INFINITE_RECURSION = YES;
				CLANG_WARN_INT_CONVERSION = YES;
				CLANG_WARN_NON_LITERAL_NULL_CONVERSION = YES;
				CLANG_WARN_OBJC_IMPLICIT_RETAIN_SELF = YES;
				CLANG_WARN_OBJC_LITERAL_CONVERSION = YES;
				CLANG_WARN_OBJC_ROOT_CLASS = YES_ERROR;
				CLANG_WARN_QUOTED_INCLUDE_IN_FRAMEWORK_HEADER = YES;
				CLANG_WARN_RANGE_LOOP_ANALYSIS = YES;
				CLANG_WARN_STRICT_PROTOTYPES = YES;
				CLANG_WARN_SUSPICIOUS_MOVE = YES;
				CLANG_WARN_UNGUARDED_AVAILABILITY = YES_AGGRESSIVE;
				CLANG_WARN_UNREACHABLE_CODE = YES;
				CLANG_WARN__DUPLICATE_METHOD_MATCH = YES;
				COPY_PHASE_STRIP = NO;
				DEBUG_INFORMATION_FORMAT = "dwarf-with-dsym";
				ENABLE_NS_ASSERTIONS = NO;
				ENABLE_STRICT_OBJC_MSGSEND = YES;
				GCC_C_LANGUAGE_STANDARD = gnu11;
				GCC_NO_COMMON_BLOCKS = YES;
				GCC_WARN_64_TO_32_BIT_CONVERSION = YES;
				GCC_WARN_ABOUT_RETURN_TYPE = YES_ERROR;
				GCC_WARN_UNDECLARED_SELECTOR = YES;
				GCC_WARN_UNINITIALIZED_AUTOS = YES_AGGRESSIVE;
				GCC_WARN_UNUSED_FUNCTION = YES;
				GCC_WARN_UNUSED_VARIABLE = YES;
				IPHONEOS_DEPLOYMENT_TARGET = 14.4;
				MTL_ENABLE_DEBUG_INFO = NO;
				MTL_FAST_MATH = YES;
				SDKROOT = iphoneos;
				SWIFT_COMPILATION_MODE = wholemodule;
				SWIFT_OPTIMIZATION_LEVEL = "-O";
				VALIDATE_PRODUCT = YES;
			};
			name = Release;
		};
		44965CE9260675EF00141969 /* Debug */ = {
			isa = XCBuildConfiguration;
			baseConfigurationReference = C411A3E540BD030A9D0EC0B4 /* Pods-Parstagram.debug.xcconfig */;
			buildSettings = {
				ASSETCATALOG_COMPILER_APPICON_NAME = AppIcon;
				ASSETCATALOG_COMPILER_GLOBAL_ACCENT_COLOR_NAME = AccentColor;
				CODE_SIGN_STYLE = Automatic;
				INFOPLIST_FILE = Parstagram/Info.plist;
				LD_RUNPATH_SEARCH_PATHS = (
					"$(inherited)",
					"@executable_path/Frameworks",
				);
				PRODUCT_BUNDLE_IDENTIFIER = codepath.Parstagram;
				PRODUCT_NAME = "$(TARGET_NAME)";
				SWIFT_VERSION = 5.0;
				TARGETED_DEVICE_FAMILY = "1,2";
			};
			name = Debug;
		};
		44965CEA260675EF00141969 /* Release */ = {
			isa = XCBuildConfiguration;
			baseConfigurationReference = C3860E3E1179F7E134C4B79C /* Pods-Parstagram.release.xcconfig */;
			buildSettings = {
				ASSETCATALOG_COMPILER_APPICON_NAME = AppIcon;
				ASSETCATALOG_COMPILER_GLOBAL_ACCENT_COLOR_NAME = AccentColor;
				CODE_SIGN_STYLE = Automatic;
				INFOPLIST_FILE = Parstagram/Info.plist;
				LD_RUNPATH_SEARCH_PATHS = (
					"$(inherited)",
					"@executable_path/Frameworks",
				);
				PRODUCT_BUNDLE_IDENTIFIER = codepath.Parstagram;
				PRODUCT_NAME = "$(TARGET_NAME)";
				SWIFT_VERSION = 5.0;
				TARGETED_DEVICE_FAMILY = "1,2";
			};
			name = Release;
		};
		44965CEC260675EF00141969 /* Debug */ = {
			isa = XCBuildConfiguration;
			baseConfigurationReference = 9E074706075AA61CC2C4FCA8 /* Pods-ParstagramTests.debug.xcconfig */;
			buildSettings = {
				ALWAYS_EMBED_SWIFT_STANDARD_LIBRARIES = YES;
				BUNDLE_LOADER = "$(TEST_HOST)";
				CODE_SIGN_STYLE = Automatic;
				INFOPLIST_FILE = ParstagramTests/Info.plist;
				IPHONEOS_DEPLOYMENT_TARGET = 14.4;
				LD_RUNPATH_SEARCH_PATHS = (
					"$(inherited)",
					"@executable_path/Frameworks",
					"@loader_path/Frameworks",
				);
				PRODUCT_BUNDLE_IDENTIFIER = codepath.ParstagramTests;
				PRODUCT_NAME = "$(TARGET_NAME)";
				SWIFT_VERSION = 5.0;
				TARGETED_DEVICE_FAMILY = "1,2";
				TEST_HOST = "$(BUILT_PRODUCTS_DIR)/Parstagram.app/Parstagram";
			};
			name = Debug;
		};
		44965CED260675EF00141969 /* Release */ = {
			isa = XCBuildConfiguration;
			baseConfigurationReference = 4FFF06A99DC471BFF0034637 /* Pods-ParstagramTests.release.xcconfig */;
			buildSettings = {
				ALWAYS_EMBED_SWIFT_STANDARD_LIBRARIES = YES;
				BUNDLE_LOADER = "$(TEST_HOST)";
				CODE_SIGN_STYLE = Automatic;
				INFOPLIST_FILE = ParstagramTests/Info.plist;
				IPHONEOS_DEPLOYMENT_TARGET = 14.4;
				LD_RUNPATH_SEARCH_PATHS = (
					"$(inherited)",
					"@executable_path/Frameworks",
					"@loader_path/Frameworks",
				);
				PRODUCT_BUNDLE_IDENTIFIER = codepath.ParstagramTests;
				PRODUCT_NAME = "$(TARGET_NAME)";
				SWIFT_VERSION = 5.0;
				TARGETED_DEVICE_FAMILY = "1,2";
				TEST_HOST = "$(BUILT_PRODUCTS_DIR)/Parstagram.app/Parstagram";
			};
			name = Release;
		};
		44965CEF260675EF00141969 /* Debug */ = {
			isa = XCBuildConfiguration;
			baseConfigurationReference = C69E9B06E82886EA04466D25 /* Pods-Parstagram-ParstagramUITests.debug.xcconfig */;
			buildSettings = {
				ALWAYS_EMBED_SWIFT_STANDARD_LIBRARIES = YES;
				CODE_SIGN_STYLE = Automatic;
				INFOPLIST_FILE = ParstagramUITests/Info.plist;
				LD_RUNPATH_SEARCH_PATHS = (
					"$(inherited)",
					"@executable_path/Frameworks",
					"@loader_path/Frameworks",
				);
				PRODUCT_BUNDLE_IDENTIFIER = codepath.ParstagramUITests;
				PRODUCT_NAME = "$(TARGET_NAME)";
				SWIFT_VERSION = 5.0;
				TARGETED_DEVICE_FAMILY = "1,2";
				TEST_TARGET_NAME = Parstagram;
			};
			name = Debug;
		};
		44965CF0260675EF00141969 /* Release */ = {
			isa = XCBuildConfiguration;
			baseConfigurationReference = 80058937DD265C48662BC8C2 /* Pods-Parstagram-ParstagramUITests.release.xcconfig */;
			buildSettings = {
				ALWAYS_EMBED_SWIFT_STANDARD_LIBRARIES = YES;
				CODE_SIGN_STYLE = Automatic;
				INFOPLIST_FILE = ParstagramUITests/Info.plist;
				LD_RUNPATH_SEARCH_PATHS = (
					"$(inherited)",
					"@executable_path/Frameworks",
					"@loader_path/Frameworks",
				);
				PRODUCT_BUNDLE_IDENTIFIER = codepath.ParstagramUITests;
				PRODUCT_NAME = "$(TARGET_NAME)";
				SWIFT_VERSION = 5.0;
				TARGETED_DEVICE_FAMILY = "1,2";
				TEST_TARGET_NAME = Parstagram;
			};
			name = Release;
		};
/* End XCBuildConfiguration section */

/* Begin XCConfigurationList section */
		44965CB9260675EC00141969 /* Build configuration list for PBXProject "Parstagram" */ = {
			isa = XCConfigurationList;
			buildConfigurations = (
				44965CE6260675EF00141969 /* Debug */,
				44965CE7260675EF00141969 /* Release */,
			);
			defaultConfigurationIsVisible = 0;
			defaultConfigurationName = Release;
		};
		44965CE8260675EF00141969 /* Build configuration list for PBXNativeTarget "Parstagram" */ = {
			isa = XCConfigurationList;
			buildConfigurations = (
				44965CE9260675EF00141969 /* Debug */,
				44965CEA260675EF00141969 /* Release */,
			);
			defaultConfigurationIsVisible = 0;
			defaultConfigurationName = Release;
		};
		44965CEB260675EF00141969 /* Build configuration list for PBXNativeTarget "ParstagramTests" */ = {
			isa = XCConfigurationList;
			buildConfigurations = (
				44965CEC260675EF00141969 /* Debug */,
				44965CED260675EF00141969 /* Release */,
			);
			defaultConfigurationIsVisible = 0;
			defaultConfigurationName = Release;
		};
		44965CEE260675EF00141969 /* Build configuration list for PBXNativeTarget "ParstagramUITests" */ = {
			isa = XCConfigurationList;
			buildConfigurations = (
				44965CEF260675EF00141969 /* Debug */,
				44965CF0260675EF00141969 /* Release */,
			);
			defaultConfigurationIsVisible = 0;
			defaultConfigurationName = Release;
		};
/* End XCConfigurationList section */
	};
	rootObject = 44965CB6260675EC00141969 /* Project object */;
}
